
Microsoft Visual Studio Solution File, Format Version 12.00
# Visual Studio Version 16
VisualStudioVersion = 16.0.29728.190
MinimumVisualStudioVersion = 10.0.40219.1
Project("{2150E333-8FDC-42A3-9474-1A3956D46DE8}") = "Application", "Application", "{9F8195D7-6B39-4362-B633-CBE6C53DAF22}"
EndProject
Project("{2150E333-8FDC-42A3-9474-1A3956D46DE8}") = "Infrastructure", "Infrastructure", "{6DC09446-4DE8-47B9-814C-9215C004A288}"
EndProject
Project("{2150E333-8FDC-42A3-9474-1A3956D46DE8}") = "Services", "Services", "{5A9B5D18-E725-40F8-914E-AB8108388B64}"
EndProject
Project("{2150E333-8FDC-42A3-9474-1A3956D46DE8}") = "Common", "Common", "{C97A0E8D-EC04-449B-B0B3-0FE56C9E788E}"
EndProject
Project("{FAE04EC0-301F-11D3-BF4B-00C04F79EFBC}") = "GiftExchangerApp", "GiftExchangerApp\GiftExchangerApp.csproj", "{5A51CBB5-ED40-4466-923C-F558F96F1B12}"
EndProject
Project("{FAE04EC0-301F-11D3-BF4B-00C04F79EFBC}") = "Infrasturcture.Data", "Infrasturcture.Data\Infrasturcture.Data.csproj", "{6494A651-2191-40F1-A826-B2C04DD48967}"
EndProject
Project("{FAE04EC0-301F-11D3-BF4B-00C04F79EFBC}") = "Infrasturcture.Models", "Infrasturcture.Models\Infrasturcture.Models.csproj", "{58DDDE59-98F6-4A69-A1C5-2602EA75934F}"
EndProject
Global
	GlobalSection(SolutionConfigurationPlatforms) = preSolution
		Debug|Any CPU = Debug|Any CPU
		Release|Any CPU = Release|Any CPU
	EndGlobalSection
	GlobalSection(ProjectConfigurationPlatforms) = postSolution
		{5A51CBB5-ED40-4466-923C-F558F96F1B12}.Debug|Any CPU.ActiveCfg = Debug|Any CPU
		{5A51CBB5-ED40-4466-923C-F558F96F1B12}.Debug|Any CPU.Build.0 = Debug|Any CPU
		{5A51CBB5-ED40-4466-923C-F558F96F1B12}.Release|Any CPU.ActiveCfg = Release|Any CPU
		{5A51CBB5-ED40-4466-923C-F558F96F1B12}.Release|Any CPU.Build.0 = Release|Any CPU
		{6494A651-2191-40F1-A826-B2C04DD48967}.Debug|Any CPU.ActiveCfg = Debug|Any CPU
		{6494A651-2191-40F1-A826-B2C04DD48967}.Debug|Any CPU.Build.0 = Debug|Any CPU
		{6494A651-2191-40F1-A826-B2C04DD48967}.Release|Any CPU.ActiveCfg = Release|Any CPU
		{6494A651-2191-40F1-A826-B2C04DD48967}.Release|Any CPU.Build.0 = Release|Any CPU
		{58DDDE59-98F6-4A69-A1C5-2602EA75934F}.Debug|Any CPU.ActiveCfg = Debug|Any CPU
		{58DDDE59-98F6-4A69-A1C5-2602EA75934F}.Debug|Any CPU.Build.0 = Debug|Any CPU
		{58DDDE59-98F6-4A69-A1C5-2602EA75934F}.Release|Any CPU.ActiveCfg = Release|Any CPU
		{58DDDE59-98F6-4A69-A1C5-2602EA75934F}.Release|Any CPU.Build.0 = Release|Any CPU
	EndGlobalSection
	GlobalSection(SolutionProperties) = preSolution
		HideSolutionNode = FALSE
	EndGlobalSection
	GlobalSection(NestedProjects) = preSolution
		{5A51CBB5-ED40-4466-923C-F558F96F1B12} = {9F8195D7-6B39-4362-B633-CBE6C53DAF22}
		{6494A651-2191-40F1-A826-B2C04DD48967} = {6DC09446-4DE8-47B9-814C-9215C004A288}
		{58DDDE59-98F6-4A69-A1C5-2602EA75934F} = {6DC09446-4DE8-47B9-814C-9215C004A288}
	EndGlobalSection
	GlobalSection(ExtensibilityGlobals) = postSolution
		SolutionGuid = {DA6CAAB1-943C-40D1-BB57-6BAD566B93D1}
	EndGlobalSection
EndGlobal
